
Microsoft Visual Studio Solution File, Format Version 12.00
# Visual Studio Version 16
VisualStudioVersion = 16.0.30907.101
MinimumVisualStudioVersion = 10.0.40219.1
Project("{FAE04EC0-301F-11D3-BF4B-00C04F79EFBC}") = "CountriesAroundTheWorld", "CountriesAroundTheWorld\CountriesAroundTheWorld.csproj", "{45E20D68-B9DB-4148-B502-90D36C1E21DE}"
EndProject
Global
	GlobalSection(SolutionConfigurationPlatforms) = preSolution
		Debug|Any CPU = Debug|Any CPU
		Release|Any CPU = Release|Any CPU
	EndGlobalSection
	GlobalSection(ProjectConfigurationPlatforms) = postSolution
		{45E20D68-B9DB-4148-B502-90D36C1E21DE}.Debug|Any CPU.ActiveCfg = Debug|Any CPU
		{45E20D68-B9DB-4148-B502-90D36C1E21DE}.Debug|Any CPU.Build.0 = Debug|Any CPU
		{45E20D68-B9DB-4148-B502-90D36C1E21DE}.Release|Any CPU.ActiveCfg = Release|Any CPU
		{45E20D68-B9DB-4148-B502-90D36C1E21DE}.Release|Any CPU.Build.0 = Release|Any CPU
	EndGlobalSection
	GlobalSection(SolutionProperties) = preSolution
		HideSolutionNode = FALSE
	EndGlobalSection
	GlobalSection(ExtensibilityGlobals) = postSolution
		SolutionGuid = {B27E75CA-9E53-42E1-A768-8CB60146986F}
	EndGlobalSection
EndGlobal
